
Microsoft Visual Studio Solution File, Format Version 12.00
# Visual Studio Version 17
VisualStudioVersion = 17.9.34607.119
MinimumVisualStudioVersion = 10.0.40219.1
Project("{FAE04EC0-301F-11D3-BF4B-00C04F79EFBC}") = "TinyLink.API", "URLShortener.API\TinyLink.API.csproj", "{3A6B9128-6586-4C84-8EA1-8C1845484B4F}"
EndProject
Global
	GlobalSection(SolutionConfigurationPlatforms) = preSolution
		Debug|Any CPU = Debug|Any CPU
		Release|Any CPU = Release|Any CPU
	EndGlobalSection
	GlobalSection(ProjectConfigurationPlatforms) = postSolution
		{3A6B9128-6586-4C84-8EA1-8C1845484B4F}.Debug|Any CPU.ActiveCfg = Debug|Any CPU
		{3A6B9128-6586-4C84-8EA1-8C1845484B4F}.Debug|Any CPU.Build.0 = Debug|Any CPU
		{3A6B9128-6586-4C84-8EA1-8C1845484B4F}.Release|Any CPU.ActiveCfg = Release|Any CPU
		{3A6B9128-6586-4C84-8EA1-8C1845484B4F}.Release|Any CPU.Build.0 = Release|Any CPU
	EndGlobalSection
	GlobalSection(SolutionProperties) = preSolution
		HideSolutionNode = FALSE
	EndGlobalSection
	GlobalSection(ExtensibilityGlobals) = postSolution
		SolutionGuid = {FD8C4BE8-77B4-42F7-8D6D-C1A11448B115}
	EndGlobalSection
EndGlobal
